// !$*UTF8*$!
{
	archiveVersion = 1;
	classes = {
	};
	objectVersion = 50;
	objects = {

/* Begin PBXBuildFile section */
		C61F6F462363052C008BE219 /* AppDelegate.m in Sources */ = {isa = PBXBuildFile; fileRef = C61F6F452363052C008BE219 /* AppDelegate.m */; };
		C61F6F492363052C008BE219 /* ViewController.m in Sources */ = {isa = PBXBuildFile; fileRef = C61F6F482363052C008BE219 /* ViewController.m */; };
		C61F6F4C2363052C008BE219 /* Main.storyboard in Resources */ = {isa = PBXBuildFile; fileRef = C61F6F4A2363052C008BE219 /* Main.storyboard */; };
		C61F6F4E2363052C008BE219 /* Assets.xcassets in Resources */ = {isa = PBXBuildFile; fileRef = C61F6F4D2363052C008BE219 /* Assets.xcassets */; };
		C61F6F512363052C008BE219 /* LaunchScreen.storyboard in Resources */ = {isa = PBXBuildFile; fileRef = C61F6F4F2363052C008BE219 /* LaunchScreen.storyboard */; };
		C61F6F542363052C008BE219 /* main.m in Sources */ = {isa = PBXBuildFile; fileRef = C61F6F532363052C008BE219 /* main.m */; };
/* End PBXBuildFile section */

/* Begin PBXFileReference section */
		C61F6F412363052C008BE219 /* FSExtension.app */ = {isa = PBXFileReference; explicitFileType = wrapper.application; includeInIndex = 0; path = FSExtension.app; sourceTree = BUILT_PRODUCTS_DIR; };
		C61F6F442363052C008BE219 /* AppDelegate.h */ = {isa = PBXFileReference; lastKnownFileType = sourcecode.c.h; path = AppDelegate.h; sourceTree = "<group>"; };
		C61F6F452363052C008BE219 /* AppDelegate.m */ = {isa = PBXFileReference; lastKnownFileType = sourcecode.c.objc; path = AppDelegate.m; sourceTree = "<group>"; };
		C61F6F472363052C008BE219 /* ViewController.h */ = {isa = PBXFileReference; lastKnownFileType = sourcecode.c.h; path = ViewController.h; sourceTree = "<group>"; };
		C61F6F482363052C008BE219 /* ViewController.m */ = {isa = PBXFileReference; lastKnownFileType = sourcecode.c.objc; path = ViewController.m; sourceTree = "<group>"; };
		C61F6F4B2363052C008BE219 /* Base */ = {isa = PBXFileReference; lastKnownFileType = file.storyboard; name = Base; path = Base.lproj/Main.storyboard; sourceTree = "<group>"; };
		C61F6F4D2363052C008BE219 /* Assets.xcassets */ = {isa = PBXFileReference; lastKnownFileType = folder.assetcatalog; path = Assets.xcassets; sourceTree = "<group>"; };
		C61F6F502363052C008BE219 /* Base */ = {isa = PBXFileReference; lastKnownFileType = file.storyboard; name = Base; path = Base.lproj/LaunchScreen.storyboard; sourceTree = "<group>"; };
		C61F6F522363052C008BE219 /* Info.plist */ = {isa = PBXFileReference; lastKnownFileType = text.plist.xml; path = Info.plist; sourceTree = "<group>"; };
		C61F6F532363052C008BE219 /* main.m */ = {isa = PBXFileReference; lastKnownFileType = sourcecode.c.objc; path = main.m; sourceTree = "<group>"; };
/* End PBXFileReference section */

/* Begin PBXFrameworksBuildPhase section */
		C61F6F3E2363052C008BE219 /* Frameworks */ = {
			isa = PBXFrameworksBuildPhase;
			buildActionMask = 2147483647;
			files = (
			);
			runOnlyForDeploymentPostprocessing = 0;
		};
/* End PBXFrameworksBuildPhase section */

/* Begin PBXGroup section */
		C61F6F382363052C008BE219 = {
			isa = PBXGroup;
			children = (
				C61F6F432363052C008BE219 /* FSExtension */,
				C61F6F422363052C008BE219 /* Products */,
			);
			sourceTree = "<group>";
		};
		C61F6F422363052C008BE219 /* Products */ = {
			isa = PBXGroup;
			children = (
				C61F6F412363052C008BE219 /* FSExtension.app */,
			);
			name = Products;
			sourceTree = "<group>";
		};
		C61F6F432363052C008BE219 /* FSExtension */ = {
			isa = PBXGroup;
			children = (
				C61F6F442363052C008BE219 /* AppDelegate.h */,
				C61F6F452363052C008BE219 /* AppDelegate.m */,
				C61F6F472363052C008BE219 /* ViewController.h */,
				C61F6F482363052C008BE219 /* ViewController.m */,
				C61F6F4A2363052C008BE219 /* Main.storyboard */,
				C61F6F4D2363052C008BE219 /* Assets.xcassets */,
				C61F6F4F2363052C008BE219 /* LaunchScreen.storyboard */,
				C61F6F522363052C008BE219 /* Info.plist */,
				C61F6F532363052C008BE219 /* main.m */,
			);
			path = FSExtension;
			sourceTree = "<group>";
		};
/* End PBXGroup section */

/* Begin PBXNativeTarget section */
		C61F6F402363052C008BE219 /* FSExtension */ = {
			isa = PBXNativeTarget;
			buildConfigurationList = C61F6F572363052C008BE219 /* Build configuration list for PBXNativeTarget "FSExtension" */;
			buildPhases = (
				C61F6F3D2363052C008BE219 /* Sources */,
				C61F6F3E2363052C008BE219 /* Frameworks */,
				C61F6F3F2363052C008BE219 /* Resources */,
			);
			buildRules = (
			);
			dependencies = (
			);
			name = FSExtension;
			productName = FSExtension;
			productReference = C61F6F412363052C008BE219 /* FSExtension.app */;
			productType = "com.apple.product-type.application";
		};
/* End PBXNativeTarget section */

/* Begin PBXProject section */
		C61F6F392363052C008BE219 /* Project object */ = {
			isa = PBXProject;
			attributes = {
				LastUpgradeCheck = 1030;
				ORGANIZATIONNAME = Fussa;
				TargetAttributes = {
					C61F6F402363052C008BE219 = {
						CreatedOnToolsVersion = 10.3;
					};
				};
			};
			buildConfigurationList = C61F6F3C2363052C008BE219 /* Build configuration list for PBXProject "FSExtension" */;
			compatibilityVersion = "Xcode 9.3";
			developmentRegion = en;
			hasScannedForEncodings = 0;
			knownRegions = (
				en,
				Base,
			);
			mainGroup = C61F6F382363052C008BE219;
			productRefGroup = C61F6F422363052C008BE219 /* Products */;
			projectDirPath = "";
			projectRoot = "";
			targets = (
				C61F6F402363052C008BE219 /* FSExtension */,
			);
		};
/* End PBXProject section */

/* Begin PBXResourcesBuildPhase section */
		C61F6F3F2363052C008BE219 /* Resources */ = {
			isa = PBXResourcesBuildPhase;
			buildActionMask = 2147483647;
			files = (
				C61F6F512363052C008BE219 /* LaunchScreen.storyboard in Resources */,
				C61F6F4E2363052C008BE219 /* Assets.xcassets in Resources */,
				C61F6F4C2363052C008BE219 /* Main.storyboard in Resources */,
			);
			runOnlyForDeploymentPostprocessing = 0;
		};
/* End PBXResourcesBuildPhase section */

/* Begin PBXSourcesBuildPhase section */
		C61F6F3D2363052C008BE219 /* Sources */ = {
			isa = PBXSourcesBuildPhase;
			buildActionMask = 2147483647;
			files = (
				C61F6F492363052C008BE219 /* ViewController.m in Sources */,
				C61F6F542363052C008BE219 /* main.m in Sources */,
				C61F6F462363052C008BE219 /* AppDelegate.m in Sources */,
			);
			runOnlyForDeploymentPostprocessing = 0;
		};
/* End PBXSourcesBuildPhase section */

/* Begin PBXVariantGroup section */
		C61F6F4A2363052C008BE219 /* Main.storyboard */ = {
			isa = PBXVariantGroup;
			children = (
				C61F6F4B2363052C008BE219 /* Base */,
			);
			name = Main.storyboard;
			sourceTree = "<group>";
		};
		C61F6F4F2363052C008BE219 /* LaunchScreen.storyboard */ = {
			isa = PBXVariantGroup;
			children = (
				C61F6F502363052C008BE219 /* Base */,
			);
			name = LaunchScreen.storyboard;
			sourceTree = "<group>";
		};
/* End PBXVariantGroup section */

/* Begin XCBuildConfiguration section */
		C61F6F552363052C008BE219 /* Debug */ = {
			isa = XCBuildConfiguration;
			buildSettings = {
				ALWAYS_SEARCH_USER_PATHS = NO;
				CLANG_ANALYZER_NONNULL = YES;
				CLANG_ANALYZER_NUMBER_OBJECT_CONVERSION = YES_AGGRESSIVE;
				CLANG_CXX_LANGUAGE_STANDARD = "gnu++14";
				CLANG_CXX_LIBRARY = "libc++";
				CLANG_ENABLE_MODULES = YES;
				CLANG_ENABLE_OBJC_ARC = YES;
				CLANG_ENABLE_OBJC_WEAK = YES;
				CLANG_WARN_BLOCK_CAPTURE_AUTORELEASING = YES;
				CLANG_WARN_BOOL_CONVERSION = YES;
				CLANG_WARN_COMMA = YES;
				CLANG_WARN_CONSTANT_CONVERSION = YES;
				CLANG_WARN_DEPRECATED_OBJC_IMPLEMENTATIONS = YES;
				CLANG_WARN_DIRECT_OBJC_ISA_USAGE = YES_ERROR;
				CLANG_WARN_DOCUMENTATION_COMMENTS = YES;
				CLANG_WARN_EMPTY_BODY = YES;
				CLANG_WARN_ENUM_CONVERSION = YES;
				CLANG_WARN_INFINITE_RECURSION = YES;
				CLANG_WARN_INT_CONVERSION = YES;
				CLANG_WARN_NON_LITERAL_NULL_CONVERSION = YES;
				CLANG_WARN_OBJC_IMPLICIT_RETAIN_SELF = YES;
				CLANG_WARN_OBJC_LITERAL_CONVERSION = YES;
				CLANG_WARN_OBJC_ROOT_CLASS = YES_ERROR;
				CLANG_WARN_RANGE_LOOP_ANALYSIS = YES;
				CLANG_WARN_STRICT_PROTOTYPES = YES;
				CLANG_WARN_SUSPICIOUS_MOVE = YES;
				CLANG_WARN_UNGUARDED_AVAILABILITY = YES_AGGRESSIVE;
				CLANG_WARN_UNREACHABLE_CODE = YES;
				CLANG_WARN__DUPLICATE_METHOD_MATCH = YES;
				CODE_SIGN_IDENTITY = "iPhone Developer";
				COPY_PHASE_STRIP = NO;
				DEBUG_INFORMATION_FORMAT = dwarf;
				ENABLE_STRICT_OBJC_MSGSEND = YES;
				ENABLE_TESTABILITY = YES;
				GCC_C_LANGUAGE_STANDARD = gnu11;
				GCC_DYNAMIC_NO_PIC = NO;
				GCC_NO_COMMON_BLOCKS = YES;
				GCC_OPTIMIZATION_LEVEL = 0;
				GCC_PREPROCESSOR_DEFINITIONS = (
					"DEBUG=1",
					"$(inherited)",
				);
				GCC_WARN_64_TO_32_BIT_CONVERSION = YES;
				GCC_WARN_ABOUT_RETURN_TYPE = YES_ERROR;
				GCC_WARN_UNDECLARED_SELECTOR = YES;
				GCC_WARN_UNINITIALIZED_AUTOS = YES_AGGRESSIVE;
				GCC_WARN_UNUSED_FUNCTION = YES;
				GCC_WARN_UNUSED_VARIABLE = YES;
				IPHONEOS_DEPLOYMENT_TARGET = 12.4;
				MTL_ENABLE_DEBUG_INFO = INCLUDE_SOURCE;
				MTL_FAST_MATH = YES;
				ONLY_ACTIVE_ARCH = YES;
				SDKROOT = iphoneos;
			};
			name = Debug;
		};
		C61F6F562363052C008BE219 /* Release */ = {
			isa = XCBuildConfiguration;
			buildSettings = {
				ALWAYS_SEARCH_USER_PATHS = NO;
				CLANG_ANALYZER_NONNULL = YES;
				CLANG_ANALYZER_NUMBER_OBJECT_CONVERSION = YES_AGGRESSIVE;
				CLANG_CXX_LANGUAGE_STANDARD = "gnu++14";
				CLANG_CXX_LIBRARY = "libc++";
				CLANG_ENABLE_MODULES = YES;
				CLANG_ENABLE_OBJC_ARC = YES;
				CLANG_ENABLE_OBJC_WEAK = YES;
				CLANG_WARN_BLOCK_CAPTURE_AUTORELEASING = YES;
				CLANG_WARN_BOOL_CONVERSION = YES;
				CLANG_WARN_COMMA = YES;
				CLANG_WARN_CONSTANT_CONVERSION = YES;
				CLANG_WARN_DEPRECATED_OBJC_IMPLEMENTATIONS = YES;
				CLANG_WARN_DIRECT_OBJC_ISA_USAGE = YES_ERROR;
				CLANG_WARN_DOCUMENTATION_COMMENTS = YES;
				CLANG_WARN_EMPTY_BODY = YES;
				CLANG_WARN_ENUM_CONVERSION = YES;
				CLANG_WARN_INFINITE_RECURSION = YES;
				CLANG_WARN_INT_CONVERSION = YES;
				CLANG_WARN_NON_LITERAL_NULL_CONVERSION = YES;
				CLANG_WARN_OBJC_IMPLICIT_RETAIN_SELF = YES;
				CLANG_WARN_OBJC_LITERAL_CONVERSION = YES;
				CLANG_WARN_OBJC_ROOT_CLASS = YES_ERROR;
				CLANG_WARN_RANGE_LOOP_ANALYSIS = YES;
				CLANG_WARN_STRICT_PROTOTYPES = YES;
				CLANG_WARN_SUSPICIOUS_MOVE = YES;
				CLANG_WARN_UNGUARDED_AVAILABILITY = YES_AGGRESSIVE;
				CLANG_WARN_UNREACHABLE_CODE = YES;
				CLANG_WARN__DUPLICATE_METHOD_MATCH = YES;
				CODE_SIGN_IDENTITY = "iPhone Developer";
				COPY_PHASE_STRIP = NO;
				DEBUG_INFORMATION_FORMAT = "dwarf-with-dsym";
				ENABLE_NS_ASSERTIONS = NO;
				ENABLE_STRICT_OBJC_MSGSEND = YES;
				GCC_C_LANGUAGE_STANDARD = gnu11;
				GCC_NO_COMMON_BLOCKS = YES;
				GCC_WARN_64_TO_32_BIT_CONVERSION = YES;
				GCC_WARN_ABOUT_RETURN_TYPE = YES_ERROR;
				GCC_WARN_UNDECLARED_SELECTOR = YES;
				GCC_WARN_UNINITIALIZED_AUTOS = YES_AGGRESSIVE;
				GCC_WARN_UNUSED_FUNCTION = YES;
				GCC_WARN_UNUSED_VARIABLE = YES;
				IPHONEOS_DEPLOYMENT_TARGET = 12.4;
				MTL_ENABLE_DEBUG_INFO = NO;
				MTL_FAST_MATH = YES;
				SDKROOT = iphoneos;
				VALIDATE_PRODUCT = YES;
			};
			name = Release;
		};
		C61F6F582363052C008BE219 /* Debug */ = {
			isa = XCBuildConfiguration;
			buildSettings = {
				ASSETCATALOG_COMPILER_APPICON_NAME = AppIcon;
				CODE_SIGN_STYLE = Automatic;
				DEVELOPMENT_TEAM = ARGK844GXV;
				INFOPLIST_FILE = FSExtension/Info.plist;
				IPHONEOS_DEPLOYMENT_TARGET = 8.0;
				LD_RUNPATH_SEARCH_PATHS = (
					"$(inherited)",
					"@executable_path/Frameworks",
				);
				PRODUCT_BUNDLE_IDENTIFIER = com.fussa.FSExtension;
				PRODUCT_NAME = "$(TARGET_NAME)";
				TARGETED_DEVICE_FAMILY = "1,2";
			};
			name = Debug;
		};
		C61F6F592363052C008BE219 /* Release */ = {
			isa = XCBuildConfiguration;
			buildSettings = {
				ASSETCATALOG_COMPILER_APPICON_NAME = AppIcon;
				CODE_SIGN_STYLE = Automatic;
				DEVELOPMENT_TEAM = ARGK844GXV;
				INFOPLIST_FILE = FSExtension/Info.plist;
				IPHONEOS_DEPLOYMENT_TARGET = 8.0;
				LD_RUNPATH_SEARCH_PATHS = (
					"$(inherited)",
					"@executable_path/Frameworks",
				);
				PRODUCT_BUNDLE_IDENTIFIER = com.fussa.FSExtension;
				PRODUCT_NAME = "$(TARGET_NAME)";
				TARGETED_DEVICE_FAMILY = "1,2";
			};
			name = Release;
		};
/* End XCBuildConfiguration section */

/* Begin XCConfigurationList section */
		C61F6F3C2363052C008BE219 /* Build configuration list for PBXProject "FSExtension" */ = {
			isa = XCConfigurationList;
			buildConfigurations = (
				C61F6F552363052C008BE219 /* Debug */,
				C61F6F562363052C008BE219 /* Release */,
			);
			defaultConfigurationIsVisible = 0;
			defaultConfigurationName = Release;
		};
		C61F6F572363052C008BE219 /* Build configuration list for PBXNativeTarget "FSExtension" */ = {
			isa = XCConfigurationList;
			buildConfigurations = (
				C61F6F582363052C008BE219 /* Debug */,
				C61F6F592363052C008BE219 /* Release */,
			);
			defaultConfigurationIsVisible = 0;
			defaultConfigurationName = Release;
		};
/* End XCConfigurationList section */
	};
	rootObject = C61F6F392363052C008BE219 /* Project object */;
}
