// !$*UTF8*$!
{
	archiveVersion = 1;
	classes = {
	};
	objectVersion = 51;
	objects = {

/* Begin PBXBuildFile section */
		5D44A020CC940F64A15B9164 /* UISearchBar+FS.m in Sources */ = {isa = PBXBuildFile; fileRef = 5D44A24C4D98ED63D53CE3B0 /* UISearchBar+FS.m */; };
		5D44A12F0B5E8BBA663D33B4 /* UITextField+FS.m in Sources */ = {isa = PBXBuildFile; fileRef = 5D44ADDB10D5BFDB940F2EB0 /* UITextField+FS.m */; };
		5D44A24BF41D05CF1297D654 /* NSArray+FS.m in Sources */ = {isa = PBXBuildFile; fileRef = 5D44A46E7D4023D92E252264 /* NSArray+FS.m */; };
		5D44A2E2CA4C4BFFA1E4D192 /* NSParagraphStyle+FS.m in Sources */ = {isa = PBXBuildFile; fileRef = 5D44A561CBE347D10D324FBD /* NSParagraphStyle+FS.m */; };
		5D44A2EDC3B25E5326C3ABDC /* MBProgressHUD.m in Sources */ = {isa = PBXBuildFile; fileRef = 5D44A7D8327B85547AF85894 /* MBProgressHUD.m */; };
		5D44A35F93286292698FE5E3 /* NSFileManager+FS.m in Sources */ = {isa = PBXBuildFile; fileRef = 5D44A92F8EB5B2B88E28CE4E /* NSFileManager+FS.m */; };
		5D44A43D984EBD9E4C5B7584 /* FSTool.m in Sources */ = {isa = PBXBuildFile; fileRef = 5D44AB0607C7D33F0803E36D /* FSTool.m */; };
		5D44A480B272056954F6754C /* UIImage+FS.m in Sources */ = {isa = PBXBuildFile; fileRef = 5D44A58547B4C98BB4B1A25C /* UIImage+FS.m */; };
		5D44A4C73E6E511362AF7AEA /* FSBase64.m in Sources */ = {isa = PBXBuildFile; fileRef = 5D44A4428E1C67365F42B694 /* FSBase64.m */; };
		5D44A4FF76733D6727C9CD2B /* FSApp.m in Sources */ = {isa = PBXBuildFile; fileRef = 5D44A8D097846B9E4F0E67AA /* FSApp.m */; };
		5D44A559D7536ECDF9030CEA /* UIAlertView+FS.m in Sources */ = {isa = PBXBuildFile; fileRef = 5D44A6C8CF9AED0EAD68A400 /* UIAlertView+FS.m */; };
		5D44A56CFE2E03FDED191BDE /* NSDictionary+FS.m in Sources */ = {isa = PBXBuildFile; fileRef = 5D44A494BA333735E2A2FBBE /* NSDictionary+FS.m */; };
		5D44A5CC7268DE412EAF50BD /* UIWindow+FS.m in Sources */ = {isa = PBXBuildFile; fileRef = 5D44A36A832B9BFB3617B292 /* UIWindow+FS.m */; };
		5D44A604E55724BCE4DC53C6 /* NSUserDefaults+FS.m in Sources */ = {isa = PBXBuildFile; fileRef = 5D44A32E37A632F6DE41452D /* NSUserDefaults+FS.m */; };
		5D44A663B123D3D2ED87C48F /* MBProgressHUD+FS.m in Sources */ = {isa = PBXBuildFile; fileRef = 5D44AFA1E8156F1C1318F7A3 /* MBProgressHUD+FS.m */; };
		5D44A67020C2804413604AF9 /* FSToolViewController.m in Sources */ = {isa = PBXBuildFile; fileRef = 5D44A7F940F409C85C6CB429 /* FSToolViewController.m */; };
		5D44A805612D549A53D583C1 /* FSCategoryViewController.m in Sources */ = {isa = PBXBuildFile; fileRef = 5D44AE8E2F987D472D4EB8C6 /* FSCategoryViewController.m */; };
		5D44A933383C2FECB94E013F /* FSLog.m in Sources */ = {isa = PBXBuildFile; fileRef = 5D44A9FACDC0D5AF1AFD4E8E /* FSLog.m */; };
		5D44A95B72974D83FAAB42A7 /* NSString+FS.m in Sources */ = {isa = PBXBuildFile; fileRef = 5D44A19685B9F7FC94C379F6 /* NSString+FS.m */; };
		5D44A9B3005CB782339B21DA /* FSBaseViewController.m in Sources */ = {isa = PBXBuildFile; fileRef = 5D44A649F826C2DB01D60325 /* FSBaseViewController.m */; };
		5D44A9C8F7BAC6370B6FDB77 /* UINavigationBar+FS.m in Sources */ = {isa = PBXBuildFile; fileRef = 5D44A5067DC17124CBCA4929 /* UINavigationBar+FS.m */; };
		5D44AB01106C4FF75EA279ED /* UIControl+FS.m in Sources */ = {isa = PBXBuildFile; fileRef = 5D44AB3A2169DBF5B0435A05 /* UIControl+FS.m */; };
		5D44AB327E92EBE5B3136C64 /* FSArrayViewController.m in Sources */ = {isa = PBXBuildFile; fileRef = 5D44A30C370200ECA3D805F4 /* FSArrayViewController.m */; };
		5D44AB476019A5E26FAF6FAC /* UINavigationItem+FS.m in Sources */ = {isa = PBXBuildFile; fileRef = 5D44A6E94ECDA6987C8BECBF /* UINavigationItem+FS.m */; };
		5D44AB857317C56177683505 /* UIScreen+FS.m in Sources */ = {isa = PBXBuildFile; fileRef = 5D44AD479A70C8AC7759313D /* UIScreen+FS.m */; };
		5D44ABC55356E32675B91B16 /* UIFont+FS.m in Sources */ = {isa = PBXBuildFile; fileRef = 5D44A00F8DB756C03BA7143E /* UIFont+FS.m */; };
		5D44ABC7703CF462E0739EA0 /* NSDate+FS.m in Sources */ = {isa = PBXBuildFile; fileRef = 5D44A64EB22AF787E96E691E /* NSDate+FS.m */; };
		5D44AC5DE2BDE84F3D677F7C /* UIColor+FS.m in Sources */ = {isa = PBXBuildFile; fileRef = 5D44AB5780F5D369F8D585BD /* UIColor+FS.m */; };
		5D44AC6C900569B8C0D85DDF /* NSObject+FS.m in Sources */ = {isa = PBXBuildFile; fileRef = 5D44A351F8070398A2FDC4DC /* NSObject+FS.m */; };
		5D44AC80737EFFE2F3669D29 /* UIGestureRecognizer+FS.m in Sources */ = {isa = PBXBuildFile; fileRef = 5D44A8ABC9DE337A0E1FCC89 /* UIGestureRecognizer+FS.m */; };
		5D44AC95F2599F19E4BBBAE8 /* UIView+FS.m in Sources */ = {isa = PBXBuildFile; fileRef = 5D44A7AC0C0DC7F8E4E7982D /* UIView+FS.m */; };
		5D44ACB7DB6B08E326EA2B56 /* NSData+FS.m in Sources */ = {isa = PBXBuildFile; fileRef = 5D44AB333A5C035E69897F3B /* NSData+FS.m */; };
		5D44AD62D06E8E1BAC4C3FCB /* UIViewController+FS.m in Sources */ = {isa = PBXBuildFile; fileRef = 5D44AE913413D8E0FA5E4D80 /* UIViewController+FS.m */; };
		5D44ADBFA48757B1FF3501D9 /* NSCalendar+FS.m in Sources */ = {isa = PBXBuildFile; fileRef = 5D44A416EF561B930C684663 /* NSCalendar+FS.m */; };
		5D44ADD2C434331ED09087A0 /* UIBarButtonItem+FS.m in Sources */ = {isa = PBXBuildFile; fileRef = 5D44A97C33881EC825952DFE /* UIBarButtonItem+FS.m */; };
		5D44AE7729947CD180D3F3F3 /* UINavigationController+FS.m in Sources */ = {isa = PBXBuildFile; fileRef = 5D44A367D64BD62184707C5F /* UINavigationController+FS.m */; };
		5D44AE841918C6372521208E /* UILabel+FS.m in Sources */ = {isa = PBXBuildFile; fileRef = 5D44A343021F3B85E58476D2 /* UILabel+FS.m */; };
		5D44AF98AF45AA90ACC69E6C /* UIButton+FS.m in Sources */ = {isa = PBXBuildFile; fileRef = 5D44A450763583983B1C1CF3 /* UIButton+FS.m */; };
		5D44AFCB45C81822049CC922 /* NSTimer+FS.m in Sources */ = {isa = PBXBuildFile; fileRef = 5D44A88AFB16D3C245FFA6B5 /* NSTimer+FS.m */; };
		5D44AFED3E6AA524DE89BF4B /* UIApplication+FS.m in Sources */ = {isa = PBXBuildFile; fileRef = 5D44AD4E6DC555C53A70EBF0 /* UIApplication+FS.m */; };
		C647E2392366800C00FAD3D4 /* AppDelegate.m in Sources */ = {isa = PBXBuildFile; fileRef = C647E2382366800C00FAD3D4 /* AppDelegate.m */; };
		C647E23C2366800C00FAD3D4 /* ViewController.m in Sources */ = {isa = PBXBuildFile; fileRef = C647E23B2366800C00FAD3D4 /* ViewController.m */; };
		C647E23F2366800C00FAD3D4 /* Main.storyboard in Resources */ = {isa = PBXBuildFile; fileRef = C647E23D2366800C00FAD3D4 /* Main.storyboard */; };
		C647E2412366800E00FAD3D4 /* Assets.xcassets in Resources */ = {isa = PBXBuildFile; fileRef = C647E2402366800E00FAD3D4 /* Assets.xcassets */; };
		C647E2442366800E00FAD3D4 /* LaunchScreen.storyboard in Resources */ = {isa = PBXBuildFile; fileRef = C647E2422366800E00FAD3D4 /* LaunchScreen.storyboard */; };
		C647E2472366800E00FAD3D4 /* main.m in Sources */ = {isa = PBXBuildFile; fileRef = C647E2462366800E00FAD3D4 /* main.m */; };
		D5E15DE5AFA18A17B5B44BFF /* Pods_FSExtensionDemo.framework in Frameworks */ = {isa = PBXBuildFile; fileRef = 53E0F618E93CE93C5160DB29 /* Pods_FSExtensionDemo.framework */; };
/* End PBXBuildFile section */

/* Begin PBXFileReference section */
		19013E0885EC7FC09A54C07E /* Pods-FSExtensionDemo.debug.xcconfig */ = {isa = PBXFileReference; includeInIndex = 1; lastKnownFileType = text.xcconfig; name = "Pods-FSExtensionDemo.debug.xcconfig"; path = "Target Support Files/Pods-FSExtensionDemo/Pods-FSExtensionDemo.debug.xcconfig"; sourceTree = "<group>"; };
		1EF4CB9C27008A098EA63BF2 /* Pods-FSExtensionDemo.release.xcconfig */ = {isa = PBXFileReference; includeInIndex = 1; lastKnownFileType = text.xcconfig; name = "Pods-FSExtensionDemo.release.xcconfig"; path = "Target Support Files/Pods-FSExtensionDemo/Pods-FSExtensionDemo.release.xcconfig"; sourceTree = "<group>"; };
		53E0F618E93CE93C5160DB29 /* Pods_FSExtensionDemo.framework */ = {isa = PBXFileReference; explicitFileType = wrapper.framework; includeInIndex = 0; path = Pods_FSExtensionDemo.framework; sourceTree = BUILT_PRODUCTS_DIR; };
		5D44A00F8DB756C03BA7143E /* UIFont+FS.m */ = {isa = PBXFileReference; fileEncoding = 4; lastKnownFileType = sourcecode.c.objc; path = "UIFont+FS.m"; sourceTree = "<group>"; };
		5D44A012B3F93ECE8700FEA4 /* UISearchBar+FS.h */ = {isa = PBXFileReference; fileEncoding = 4; lastKnownFileType = sourcecode.c.h; path = "UISearchBar+FS.h"; sourceTree = "<group>"; };
		5D44A04057A40AC4705D0E1B /* NSFileManager+FS.h */ = {isa = PBXFileReference; fileEncoding = 4; lastKnownFileType = sourcecode.c.h; path = "NSFileManager+FS.h"; sourceTree = "<group>"; };
		5D44A07F3A6E2DE9BDEEF8EB /* UIScreen+FS.h */ = {isa = PBXFileReference; fileEncoding = 4; lastKnownFileType = sourcecode.c.h; path = "UIScreen+FS.h"; sourceTree = "<group>"; };
		5D44A111A15E1B14D054F0A9 /* UIFont+FS.h */ = {isa = PBXFileReference; fileEncoding = 4; lastKnownFileType = sourcecode.c.h; path = "UIFont+FS.h"; sourceTree = "<group>"; };
		5D44A11B2CD4A54667692326 /* FSToolViewController.h */ = {isa = PBXFileReference; fileEncoding = 4; lastKnownFileType = sourcecode.c.h; path = FSToolViewController.h; sourceTree = "<group>"; };
		5D44A146F1B39FD4CEFEFAA8 /* NSCalendar+FS.h */ = {isa = PBXFileReference; fileEncoding = 4; lastKnownFileType = sourcecode.c.h; path = "NSCalendar+FS.h"; sourceTree = "<group>"; };
		5D44A19685B9F7FC94C379F6 /* NSString+FS.m */ = {isa = PBXFileReference; fileEncoding = 4; lastKnownFileType = sourcecode.c.objc; path = "NSString+FS.m"; sourceTree = "<group>"; };
		5D44A1A598C7F0C29916A58A /* UIWindow+FS.h */ = {isa = PBXFileReference; fileEncoding = 4; lastKnownFileType = sourcecode.c.h; path = "UIWindow+FS.h"; sourceTree = "<group>"; };
		5D44A1E25D32392364224729 /* FSCategoryViewController.h */ = {isa = PBXFileReference; fileEncoding = 4; lastKnownFileType = sourcecode.c.h; path = FSCategoryViewController.h; sourceTree = "<group>"; };
		5D44A231D3C88F0CC7BA0E2A /* FSTool.h */ = {isa = PBXFileReference; fileEncoding = 4; lastKnownFileType = sourcecode.c.h; path = FSTool.h; sourceTree = "<group>"; };
		5D44A246949D4C17C2A550CC /* UIView+FS.h */ = {isa = PBXFileReference; fileEncoding = 4; lastKnownFileType = sourcecode.c.h; path = "UIView+FS.h"; sourceTree = "<group>"; };
		5D44A24C4D98ED63D53CE3B0 /* UISearchBar+FS.m */ = {isa = PBXFileReference; fileEncoding = 4; lastKnownFileType = sourcecode.c.objc; path = "UISearchBar+FS.m"; sourceTree = "<group>"; };
		5D44A2B2EA456AB2B43291AC /* NSDictionary+FS.h */ = {isa = PBXFileReference; fileEncoding = 4; lastKnownFileType = sourcecode.c.h; path = "NSDictionary+FS.h"; sourceTree = "<group>"; };
		5D44A30C370200ECA3D805F4 /* FSArrayViewController.m */ = {isa = PBXFileReference; fileEncoding = 4; lastKnownFileType = sourcecode.c.objc; path = FSArrayViewController.m; sourceTree = "<group>"; };
		5D44A320824D6F6AFD21AA27 /* UINavigationController+FS.h */ = {isa = PBXFileReference; fileEncoding = 4; lastKnownFileType = sourcecode.c.h; path = "UINavigationController+FS.h"; sourceTree = "<group>"; };
		5D44A32E37A632F6DE41452D /* NSUserDefaults+FS.m */ = {isa = PBXFileReference; fileEncoding = 4; lastKnownFileType = sourcecode.c.objc; path = "NSUserDefaults+FS.m"; sourceTree = "<group>"; };
		5D44A32FE35E6556E3B8F8AC /* UIApplication+FS.h */ = {isa = PBXFileReference; fileEncoding = 4; lastKnownFileType = sourcecode.c.h; path = "UIApplication+FS.h"; sourceTree = "<group>"; };
		5D44A33661FBB3EB894A5A9D /* FSLog.h */ = {isa = PBXFileReference; fileEncoding = 4; lastKnownFileType = sourcecode.c.h; path = FSLog.h; sourceTree = "<group>"; };
		5D44A343021F3B85E58476D2 /* UILabel+FS.m */ = {isa = PBXFileReference; fileEncoding = 4; lastKnownFileType = sourcecode.c.objc; path = "UILabel+FS.m"; sourceTree = "<group>"; };
		5D44A351F8070398A2FDC4DC /* NSObject+FS.m */ = {isa = PBXFileReference; fileEncoding = 4; lastKnownFileType = sourcecode.c.objc; path = "NSObject+FS.m"; sourceTree = "<group>"; };
		5D44A367D64BD62184707C5F /* UINavigationController+FS.m */ = {isa = PBXFileReference; fileEncoding = 4; lastKnownFileType = sourcecode.c.objc; path = "UINavigationController+FS.m"; sourceTree = "<group>"; };
		5D44A36A832B9BFB3617B292 /* UIWindow+FS.m */ = {isa = PBXFileReference; fileEncoding = 4; lastKnownFileType = sourcecode.c.objc; path = "UIWindow+FS.m"; sourceTree = "<group>"; };
		5D44A39B9256374DDC6B9A21 /* FSApp.h */ = {isa = PBXFileReference; fileEncoding = 4; lastKnownFileType = sourcecode.c.h; path = FSApp.h; sourceTree = "<group>"; };
		5D44A3B6BFD8975090B830DA /* UINavigationItem+FS.h */ = {isa = PBXFileReference; fileEncoding = 4; lastKnownFileType = sourcecode.c.h; path = "UINavigationItem+FS.h"; sourceTree = "<group>"; };
		5D44A40750ADFA2DCE5281A8 /* FSGlobal.h */ = {isa = PBXFileReference; fileEncoding = 4; lastKnownFileType = sourcecode.c.h; path = FSGlobal.h; sourceTree = "<group>"; };
		5D44A416EF561B930C684663 /* NSCalendar+FS.m */ = {isa = PBXFileReference; fileEncoding = 4; lastKnownFileType = sourcecode.c.objc; path = "NSCalendar+FS.m"; sourceTree = "<group>"; };
		5D44A4428E1C67365F42B694 /* FSBase64.m */ = {isa = PBXFileReference; fileEncoding = 4; lastKnownFileType = sourcecode.c.objc; path = FSBase64.m; sourceTree = "<group>"; };
		5D44A450763583983B1C1CF3 /* UIButton+FS.m */ = {isa = PBXFileReference; fileEncoding = 4; lastKnownFileType = sourcecode.c.objc; path = "UIButton+FS.m"; sourceTree = "<group>"; };
		5D44A46E7D4023D92E252264 /* NSArray+FS.m */ = {isa = PBXFileReference; fileEncoding = 4; lastKnownFileType = sourcecode.c.objc; path = "NSArray+FS.m"; sourceTree = "<group>"; };
		5D44A494BA333735E2A2FBBE /* NSDictionary+FS.m */ = {isa = PBXFileReference; fileEncoding = 4; lastKnownFileType = sourcecode.c.objc; path = "NSDictionary+FS.m"; sourceTree = "<group>"; };
		5D44A4EB4711299ADD091481 /* NSTimer+FS.h */ = {isa = PBXFileReference; fileEncoding = 4; lastKnownFileType = sourcecode.c.h; path = "NSTimer+FS.h"; sourceTree = "<group>"; };
		5D44A5067DC17124CBCA4929 /* UINavigationBar+FS.m */ = {isa = PBXFileReference; fileEncoding = 4; lastKnownFileType = sourcecode.c.objc; path = "UINavigationBar+FS.m"; sourceTree = "<group>"; };
		5D44A561CBE347D10D324FBD /* NSParagraphStyle+FS.m */ = {isa = PBXFileReference; fileEncoding = 4; lastKnownFileType = sourcecode.c.objc; path = "NSParagraphStyle+FS.m"; sourceTree = "<group>"; };
		5D44A58547B4C98BB4B1A25C /* UIImage+FS.m */ = {isa = PBXFileReference; fileEncoding = 4; lastKnownFileType = sourcecode.c.objc; path = "UIImage+FS.m"; sourceTree = "<group>"; };
		5D44A5DDF3242C369C9E33A1 /* UIImage+FS.h */ = {isa = PBXFileReference; fileEncoding = 4; lastKnownFileType = sourcecode.c.h; path = "UIImage+FS.h"; sourceTree = "<group>"; };
		5D44A62FE452AAC7CED14494 /* FSArrayViewController.h */ = {isa = PBXFileReference; fileEncoding = 4; lastKnownFileType = sourcecode.c.h; path = FSArrayViewController.h; sourceTree = "<group>"; };
		5D44A6374F1F7B3FBB6491C7 /* NSObject+FS.h */ = {isa = PBXFileReference; fileEncoding = 4; lastKnownFileType = sourcecode.c.h; path = "NSObject+FS.h"; sourceTree = "<group>"; };
		5D44A649F826C2DB01D60325 /* FSBaseViewController.m */ = {isa = PBXFileReference; fileEncoding = 4; lastKnownFileType = sourcecode.c.objc; path = FSBaseViewController.m; sourceTree = "<group>"; };
		5D44A64EB22AF787E96E691E /* NSDate+FS.m */ = {isa = PBXFileReference; fileEncoding = 4; lastKnownFileType = sourcecode.c.objc; path = "NSDate+FS.m"; sourceTree = "<group>"; };
		5D44A6C8CF9AED0EAD68A400 /* UIAlertView+FS.m */ = {isa = PBXFileReference; fileEncoding = 4; lastKnownFileType = sourcecode.c.objc; path = "UIAlertView+FS.m"; sourceTree = "<group>"; };
		5D44A6E94ECDA6987C8BECBF /* UINavigationItem+FS.m */ = {isa = PBXFileReference; fileEncoding = 4; lastKnownFileType = sourcecode.c.objc; path = "UINavigationItem+FS.m"; sourceTree = "<group>"; };
		5D44A745EBD7FB4CA3091A0F /* NSDate+FS.h */ = {isa = PBXFileReference; fileEncoding = 4; lastKnownFileType = sourcecode.c.h; path = "NSDate+FS.h"; sourceTree = "<group>"; };
		5D44A7AC0C0DC7F8E4E7982D /* UIView+FS.m */ = {isa = PBXFileReference; fileEncoding = 4; lastKnownFileType = sourcecode.c.objc; path = "UIView+FS.m"; sourceTree = "<group>"; };
		5D44A7D8327B85547AF85894 /* MBProgressHUD.m */ = {isa = PBXFileReference; fileEncoding = 4; lastKnownFileType = sourcecode.c.objc; path = MBProgressHUD.m; sourceTree = "<group>"; };
		5D44A7F940F409C85C6CB429 /* FSToolViewController.m */ = {isa = PBXFileReference; fileEncoding = 4; lastKnownFileType = sourcecode.c.objc; path = FSToolViewController.m; sourceTree = "<group>"; };
		5D44A88AFB16D3C245FFA6B5 /* NSTimer+FS.m */ = {isa = PBXFileReference; fileEncoding = 4; lastKnownFileType = sourcecode.c.objc; path = "NSTimer+FS.m"; sourceTree = "<group>"; };
		5D44A892D3202FF233001C74 /* UIViewController+FS.h */ = {isa = PBXFileReference; fileEncoding = 4; lastKnownFileType = sourcecode.c.h; path = "UIViewController+FS.h"; sourceTree = "<group>"; };
		5D44A8ABC9DE337A0E1FCC89 /* UIGestureRecognizer+FS.m */ = {isa = PBXFileReference; fileEncoding = 4; lastKnownFileType = sourcecode.c.objc; path = "UIGestureRecognizer+FS.m"; sourceTree = "<group>"; };
		5D44A8D097846B9E4F0E67AA /* FSApp.m */ = {isa = PBXFileReference; fileEncoding = 4; lastKnownFileType = sourcecode.c.objc; path = FSApp.m; sourceTree = "<group>"; };
		5D44A8DE5299D59017F1D2F8 /* UIAlertView+FS.h */ = {isa = PBXFileReference; fileEncoding = 4; lastKnownFileType = sourcecode.c.h; path = "UIAlertView+FS.h"; sourceTree = "<group>"; };
		5D44A92F3122759B3DE0F399 /* FSDefine.h */ = {isa = PBXFileReference; fileEncoding = 4; lastKnownFileType = sourcecode.c.h; path = FSDefine.h; sourceTree = "<group>"; };
		5D44A92F8EB5B2B88E28CE4E /* NSFileManager+FS.m */ = {isa = PBXFileReference; fileEncoding = 4; lastKnownFileType = sourcecode.c.objc; path = "NSFileManager+FS.m"; sourceTree = "<group>"; };
		5D44A97C33881EC825952DFE /* UIBarButtonItem+FS.m */ = {isa = PBXFileReference; fileEncoding = 4; lastKnownFileType = sourcecode.c.objc; path = "UIBarButtonItem+FS.m"; sourceTree = "<group>"; };
		5D44A9BAA543090B628D7EED /* UIGestureRecognizer+FS.h */ = {isa = PBXFileReference; fileEncoding = 4; lastKnownFileType = sourcecode.c.h; path = "UIGestureRecognizer+FS.h"; sourceTree = "<group>"; };
		5D44A9FACDC0D5AF1AFD4E8E /* FSLog.m */ = {isa = PBXFileReference; fileEncoding = 4; lastKnownFileType = sourcecode.c.objc; path = FSLog.m; sourceTree = "<group>"; };
		5D44A9FE4B220EAF8989360B /* NSUserDefaults+FS.h */ = {isa = PBXFileReference; fileEncoding = 4; lastKnownFileType = sourcecode.c.h; path = "NSUserDefaults+FS.h"; sourceTree = "<group>"; };
		5D44AA5F4B74861C310B5BE2 /* NSData+FS.h */ = {isa = PBXFileReference; fileEncoding = 4; lastKnownFileType = sourcecode.c.h; path = "NSData+FS.h"; sourceTree = "<group>"; };
		5D44AA9236818A9CCCD30722 /* UIControl+FS.h */ = {isa = PBXFileReference; fileEncoding = 4; lastKnownFileType = sourcecode.c.h; path = "UIControl+FS.h"; sourceTree = "<group>"; };
		5D44AB0607C7D33F0803E36D /* FSTool.m */ = {isa = PBXFileReference; fileEncoding = 4; lastKnownFileType = sourcecode.c.objc; path = FSTool.m; sourceTree = "<group>"; };
		5D44AB09C63153A01003A481 /* MBProgressHUD+FS.h */ = {isa = PBXFileReference; fileEncoding = 4; lastKnownFileType = sourcecode.c.h; path = "MBProgressHUD+FS.h"; sourceTree = "<group>"; };
		5D44AB333A5C035E69897F3B /* NSData+FS.m */ = {isa = PBXFileReference; fileEncoding = 4; lastKnownFileType = sourcecode.c.objc; path = "NSData+FS.m"; sourceTree = "<group>"; };
		5D44AB3A2169DBF5B0435A05 /* UIControl+FS.m */ = {isa = PBXFileReference; fileEncoding = 4; lastKnownFileType = sourcecode.c.objc; path = "UIControl+FS.m"; sourceTree = "<group>"; };
		5D44AB5780F5D369F8D585BD /* UIColor+FS.m */ = {isa = PBXFileReference; fileEncoding = 4; lastKnownFileType = sourcecode.c.objc; path = "UIColor+FS.m"; sourceTree = "<group>"; };
		5D44ABD81FB6396D7E8F462C /* UIButton+FS.h */ = {isa = PBXFileReference; fileEncoding = 4; lastKnownFileType = sourcecode.c.h; path = "UIButton+FS.h"; sourceTree = "<group>"; };
		5D44ABE3BD48525376DFC880 /* UILabel+FS.h */ = {isa = PBXFileReference; fileEncoding = 4; lastKnownFileType = sourcecode.c.h; path = "UILabel+FS.h"; sourceTree = "<group>"; };
		5D44ABE586B377E242783085 /* MBProgressHUD.h */ = {isa = PBXFileReference; fileEncoding = 4; lastKnownFileType = sourcecode.c.h; path = MBProgressHUD.h; sourceTree = "<group>"; };
		5D44AC8467BB73AD618BC424 /* UINavigationBar+FS.h */ = {isa = PBXFileReference; fileEncoding = 4; lastKnownFileType = sourcecode.c.h; path = "UINavigationBar+FS.h"; sourceTree = "<group>"; };
		5D44AD0220D3005A4CA8D092 /* NSArray+FS.h */ = {isa = PBXFileReference; fileEncoding = 4; lastKnownFileType = sourcecode.c.h; path = "NSArray+FS.h"; sourceTree = "<group>"; };
		5D44AD2813AEB5CB4FFD1EEC /* NSParagraphStyle+FS.h */ = {isa = PBXFileReference; fileEncoding = 4; lastKnownFileType = sourcecode.c.h; path = "NSParagraphStyle+FS.h"; sourceTree = "<group>"; };
		5D44AD479A70C8AC7759313D /* UIScreen+FS.m */ = {isa = PBXFileReference; fileEncoding = 4; lastKnownFileType = sourcecode.c.objc; path = "UIScreen+FS.m"; sourceTree = "<group>"; };
		5D44AD4E6DC555C53A70EBF0 /* UIApplication+FS.m */ = {isa = PBXFileReference; fileEncoding = 4; lastKnownFileType = sourcecode.c.objc; path = "UIApplication+FS.m"; sourceTree = "<group>"; };
		5D44AD6FE06D08A6E490CF11 /* UIBarButtonItem+FS.h */ = {isa = PBXFileReference; fileEncoding = 4; lastKnownFileType = sourcecode.c.h; path = "UIBarButtonItem+FS.h"; sourceTree = "<group>"; };
		5D44ADDB10D5BFDB940F2EB0 /* UITextField+FS.m */ = {isa = PBXFileReference; fileEncoding = 4; lastKnownFileType = sourcecode.c.objc; path = "UITextField+FS.m"; sourceTree = "<group>"; };
		5D44AE8E2F987D472D4EB8C6 /* FSCategoryViewController.m */ = {isa = PBXFileReference; fileEncoding = 4; lastKnownFileType = sourcecode.c.objc; path = FSCategoryViewController.m; sourceTree = "<group>"; };
		5D44AE913413D8E0FA5E4D80 /* UIViewController+FS.m */ = {isa = PBXFileReference; fileEncoding = 4; lastKnownFileType = sourcecode.c.objc; path = "UIViewController+FS.m"; sourceTree = "<group>"; };
		5D44AE9C5E7313A89BA5FCA2 /* UIColor+FS.h */ = {isa = PBXFileReference; fileEncoding = 4; lastKnownFileType = sourcecode.c.h; path = "UIColor+FS.h"; sourceTree = "<group>"; };
		5D44AEAF78B992F9C9242D74 /* UITextField+FS.h */ = {isa = PBXFileReference; fileEncoding = 4; lastKnownFileType = sourcecode.c.h; path = "UITextField+FS.h"; sourceTree = "<group>"; };
		5D44AEC01E3118A04BA06FA7 /* NSString+FS.h */ = {isa = PBXFileReference; fileEncoding = 4; lastKnownFileType = sourcecode.c.h; path = "NSString+FS.h"; sourceTree = "<group>"; };
		5D44AF8ADFECF7B87037BE11 /* FSBase64.h */ = {isa = PBXFileReference; fileEncoding = 4; lastKnownFileType = sourcecode.c.h; path = FSBase64.h; sourceTree = "<group>"; };
		5D44AFA1E8156F1C1318F7A3 /* MBProgressHUD+FS.m */ = {isa = PBXFileReference; fileEncoding = 4; lastKnownFileType = sourcecode.c.objc; path = "MBProgressHUD+FS.m"; sourceTree = "<group>"; };
		5D44AFF9476CF2B29A845703 /* FSBaseViewController.h */ = {isa = PBXFileReference; fileEncoding = 4; lastKnownFileType = sourcecode.c.h; path = FSBaseViewController.h; sourceTree = "<group>"; };
		C647E2342366800C00FAD3D4 /* FSExtensionDemo.app */ = {isa = PBXFileReference; explicitFileType = wrapper.application; includeInIndex = 0; path = FSExtensionDemo.app; sourceTree = BUILT_PRODUCTS_DIR; };
		C647E2372366800C00FAD3D4 /* AppDelegate.h */ = {isa = PBXFileReference; lastKnownFileType = sourcecode.c.h; path = AppDelegate.h; sourceTree = "<group>"; };
		C647E2382366800C00FAD3D4 /* AppDelegate.m */ = {isa = PBXFileReference; lastKnownFileType = sourcecode.c.objc; path = AppDelegate.m; sourceTree = "<group>"; };
		C647E23A2366800C00FAD3D4 /* ViewController.h */ = {isa = PBXFileReference; lastKnownFileType = sourcecode.c.h; path = ViewController.h; sourceTree = "<group>"; };
		C647E23B2366800C00FAD3D4 /* ViewController.m */ = {isa = PBXFileReference; lastKnownFileType = sourcecode.c.objc; path = ViewController.m; sourceTree = "<group>"; };
		C647E23E2366800C00FAD3D4 /* Base */ = {isa = PBXFileReference; lastKnownFileType = file.storyboard; name = Base; path = Base.lproj/Main.storyboard; sourceTree = "<group>"; };
		C647E2402366800E00FAD3D4 /* Assets.xcassets */ = {isa = PBXFileReference; lastKnownFileType = folder.assetcatalog; path = Assets.xcassets; sourceTree = "<group>"; };
		C647E2432366800E00FAD3D4 /* Base */ = {isa = PBXFileReference; lastKnownFileType = file.storyboard; name = Base; path = Base.lproj/LaunchScreen.storyboard; sourceTree = "<group>"; };
		C647E2452366800E00FAD3D4 /* Info.plist */ = {isa = PBXFileReference; lastKnownFileType = text.plist.xml; path = Info.plist; sourceTree = "<group>"; };
		C647E2462366800E00FAD3D4 /* main.m */ = {isa = PBXFileReference; lastKnownFileType = sourcecode.c.objc; path = main.m; sourceTree = "<group>"; };
		C6CDD1BB2366D2A80008C902 /* FSHeader.h */ = {isa = PBXFileReference; fileEncoding = 4; lastKnownFileType = sourcecode.c.h; path = FSHeader.h; sourceTree = "<group>"; };
/* End PBXFileReference section */

/* Begin PBXFrameworksBuildPhase section */
		C647E2312366800C00FAD3D4 /* Frameworks */ = {
			isa = PBXFrameworksBuildPhase;
			buildActionMask = 2147483647;
			files = (
				D5E15DE5AFA18A17B5B44BFF /* Pods_FSExtensionDemo.framework in Frameworks */,
			);
			runOnlyForDeploymentPostprocessing = 0;
		};
/* End PBXFrameworksBuildPhase section */

/* Begin PBXGroup section */
		3E65FD114CBF06C7D5400224 /* Frameworks */ = {
			isa = PBXGroup;
			children = (
				53E0F618E93CE93C5160DB29 /* Pods_FSExtensionDemo.framework */,
			);
			name = Frameworks;
			sourceTree = "<group>";
		};
		5D44A03CCA44A255C1515622 /* Tool */ = {
			isa = PBXGroup;
			children = (
				5D44A7F940F409C85C6CB429 /* FSToolViewController.m */,
				5D44A11B2CD4A54667692326 /* FSToolViewController.h */,
			);
			path = Tool;
			sourceTree = "<group>";
		};
		5D44A20CF708D43E94E7C59C /* Other */ = {
			isa = PBXGroup;
			children = (
			);
			path = Other;
			sourceTree = "<group>";
		};
		5D44A397928D1472769272FF /* Log */ = {
			isa = PBXGroup;
			children = (
				5D44A33661FBB3EB894A5A9D /* FSLog.h */,
				5D44A9FACDC0D5AF1AFD4E8E /* FSLog.m */,
			);
			path = Log;
			sourceTree = "<group>";
		};
		5D44A605932F0F584FD8F856 /* UIKit */ = {
			isa = PBXGroup;
			children = (
				5D44AC8467BB73AD618BC424 /* UINavigationBar+FS.h */,
				5D44A450763583983B1C1CF3 /* UIButton+FS.m */,
				5D44ADDB10D5BFDB940F2EB0 /* UITextField+FS.m */,
				5D44AB3A2169DBF5B0435A05 /* UIControl+FS.m */,
				5D44A343021F3B85E58476D2 /* UILabel+FS.m */,
				5D44A3B6BFD8975090B830DA /* UINavigationItem+FS.h */,
				5D44AD479A70C8AC7759313D /* UIScreen+FS.m */,
				5D44A7AC0C0DC7F8E4E7982D /* UIView+FS.m */,
				5D44A58547B4C98BB4B1A25C /* UIImage+FS.m */,
				5D44A24C4D98ED63D53CE3B0 /* UISearchBar+FS.m */,
				5D44A012B3F93ECE8700FEA4 /* UISearchBar+FS.h */,
				5D44A07F3A6E2DE9BDEEF8EB /* UIScreen+FS.h */,
				5D44A8ABC9DE337A0E1FCC89 /* UIGestureRecognizer+FS.m */,
				5D44A320824D6F6AFD21AA27 /* UINavigationController+FS.h */,
				5D44AD6FE06D08A6E490CF11 /* UIBarButtonItem+FS.h */,
				5D44AEAF78B992F9C9242D74 /* UITextField+FS.h */,
				5D44A36A832B9BFB3617B292 /* UIWindow+FS.m */,
				5D44ABD81FB6396D7E8F462C /* UIButton+FS.h */,
				5D44A5067DC17124CBCA4929 /* UINavigationBar+FS.m */,
				5D44AA9236818A9CCCD30722 /* UIControl+FS.h */,
				5D44A5DDF3242C369C9E33A1 /* UIImage+FS.h */,
				5D44A246949D4C17C2A550CC /* UIView+FS.h */,
				5D44AB5780F5D369F8D585BD /* UIColor+FS.m */,
				5D44A367D64BD62184707C5F /* UINavigationController+FS.m */,
				5D44A97C33881EC825952DFE /* UIBarButtonItem+FS.m */,
				5D44ABE3BD48525376DFC880 /* UILabel+FS.h */,
				5D44A6E94ECDA6987C8BECBF /* UINavigationItem+FS.m */,
				5D44A6C8CF9AED0EAD68A400 /* UIAlertView+FS.m */,
				5D44A1A598C7F0C29916A58A /* UIWindow+FS.h */,
				5D44A8DE5299D59017F1D2F8 /* UIAlertView+FS.h */,
				5D44AE9C5E7313A89BA5FCA2 /* UIColor+FS.h */,
				5D44A9BAA543090B628D7EED /* UIGestureRecognizer+FS.h */,
				5D44AD4E6DC555C53A70EBF0 /* UIApplication+FS.m */,
				5D44A32FE35E6556E3B8F8AC /* UIApplication+FS.h */,
				5D44A00F8DB756C03BA7143E /* UIFont+FS.m */,
				5D44A111A15E1B14D054F0A9 /* UIFont+FS.h */,
				5D44AE913413D8E0FA5E4D80 /* UIViewController+FS.m */,
				5D44A892D3202FF233001C74 /* UIViewController+FS.h */,
			);
			path = UIKit;
			sourceTree = "<group>";
		};
		5D44A7B6A79F512D9D59A0B5 /* Fundation */ = {
			isa = PBXGroup;
			children = (
				5D44A2B2EA456AB2B43291AC /* NSDictionary+FS.h */,
				5D44AD0220D3005A4CA8D092 /* NSArray+FS.h */,
				5D44A64EB22AF787E96E691E /* NSDate+FS.m */,
				5D44A351F8070398A2FDC4DC /* NSObject+FS.m */,
				5D44A04057A40AC4705D0E1B /* NSFileManager+FS.h */,
				5D44A19685B9F7FC94C379F6 /* NSString+FS.m */,
				5D44A32E37A632F6DE41452D /* NSUserDefaults+FS.m */,
				5D44A46E7D4023D92E252264 /* NSArray+FS.m */,
				5D44A6374F1F7B3FBB6491C7 /* NSObject+FS.h */,
				5D44A88AFB16D3C245FFA6B5 /* NSTimer+FS.m */,
				5D44A494BA333735E2A2FBBE /* NSDictionary+FS.m */,
				5D44A745EBD7FB4CA3091A0F /* NSDate+FS.h */,
				5D44AA5F4B74861C310B5BE2 /* NSData+FS.h */,
				5D44A4EB4711299ADD091481 /* NSTimer+FS.h */,
				5D44A9FE4B220EAF8989360B /* NSUserDefaults+FS.h */,
				5D44AEC01E3118A04BA06FA7 /* NSString+FS.h */,
				5D44AB333A5C035E69897F3B /* NSData+FS.m */,
				5D44A92F8EB5B2B88E28CE4E /* NSFileManager+FS.m */,
				5D44A416EF561B930C684663 /* NSCalendar+FS.m */,
				5D44A146F1B39FD4CEFEFAA8 /* NSCalendar+FS.h */,
				5D44A561CBE347D10D324FBD /* NSParagraphStyle+FS.m */,
				5D44AD2813AEB5CB4FFD1EEC /* NSParagraphStyle+FS.h */,
			);
			path = Fundation;
			sourceTree = "<group>";
		};
		5D44A7F0CBA6526D8FD81026 /* Base */ = {
			isa = PBXGroup;
			children = (
				5D44A649F826C2DB01D60325 /* FSBaseViewController.m */,
				5D44AFF9476CF2B29A845703 /* FSBaseViewController.h */,
			);
			path = Base;
			sourceTree = "<group>";
		};
		5D44A9890D83B5B13C90F62C /* Other */ = {
			isa = PBXGroup;
			children = (
				5D44AFA1E8156F1C1318F7A3 /* MBProgressHUD+FS.m */,
				5D44AB09C63153A01003A481 /* MBProgressHUD+FS.h */,
			);
			path = Other;
			sourceTree = "<group>";
		};
		5D44AABB2A77C595416F4053 /* UIKit */ = {
			isa = PBXGroup;
			children = (
			);
			path = UIKit;
			sourceTree = "<group>";
		};
		5D44AE0BBEAA82F135210D6F /* Function */ = {
			isa = PBXGroup;
			children = (
				5D44A62FE452AAC7CED14494 /* FSArrayViewController.h */,
				5D44A30C370200ECA3D805F4 /* FSArrayViewController.m */,
			);
			path = Function;
			sourceTree = "<group>";
		};
		5D44AE76D82AF5E9E8B82A48 /* Category */ = {
			isa = PBXGroup;
			children = (
				5D44AE8E2F987D472D4EB8C6 /* FSCategoryViewController.m */,
				5D44A1E25D32392364224729 /* FSCategoryViewController.h */,
				5D44AE0BBEAA82F135210D6F /* Function */,
				5D44AABB2A77C595416F4053 /* UIKit */,
				5D44A20CF708D43E94E7C59C /* Other */,
			);
			path = Category;
			sourceTree = "<group>";
		};
		5D44AF43C2E4C5C119BBDD17 /* Classes */ = {
			isa = PBXGroup;
			children = (
				5D44AE76D82AF5E9E8B82A48 /* Category */,
				5D44A03CCA44A255C1515622 /* Tool */,
				5D44A7F0CBA6526D8FD81026 /* Base */,
			);
			path = Classes;
			sourceTree = "<group>";
		};
		C647E22B2366800C00FAD3D4 = {
			isa = PBXGroup;
			children = (
				C647E2362366800C00FAD3D4 /* FSExtensionDemo */,
				C647E2352366800C00FAD3D4 /* Products */,
				FEE4E42605E2913250DB1A58 /* Pods */,
				3E65FD114CBF06C7D5400224 /* Frameworks */,
			);
			sourceTree = "<group>";
		};
		C647E2352366800C00FAD3D4 /* Products */ = {
			isa = PBXGroup;
			children = (
				C647E2342366800C00FAD3D4 /* FSExtensionDemo.app */,
			);
			name = Products;
			sourceTree = "<group>";
		};
		C647E2362366800C00FAD3D4 /* FSExtensionDemo */ = {
			isa = PBXGroup;
			children = (
				C6CDD1B92366D2A80008C902 /* FSExtension */,
				C647E2372366800C00FAD3D4 /* AppDelegate.h */,
				C647E2382366800C00FAD3D4 /* AppDelegate.m */,
				C647E23A2366800C00FAD3D4 /* ViewController.h */,
				C647E23B2366800C00FAD3D4 /* ViewController.m */,
				C647E23D2366800C00FAD3D4 /* Main.storyboard */,
				C647E2402366800E00FAD3D4 /* Assets.xcassets */,
				C647E2422366800E00FAD3D4 /* LaunchScreen.storyboard */,
				C647E2452366800E00FAD3D4 /* Info.plist */,
				C647E2462366800E00FAD3D4 /* main.m */,
				5D44AF43C2E4C5C119BBDD17 /* Classes */,
			);
			path = FSExtensionDemo;
			sourceTree = "<group>";
		};
		C6CDD1B92366D2A80008C902 /* FSExtension */ = {
			isa = PBXGroup;
			children = (
				C6CDD1F02366D5820008C902 /* other */,
				C6CDD1BA2366D2A80008C902 /* Tools */,
				C6CDD1BC2366D2A80008C902 /* Category */,
				5D44A397928D1472769272FF /* Log */,
			);
			name = FSExtension;
			path = ../../FSExtension;
			sourceTree = "<group>";
		};
		C6CDD1BA2366D2A80008C902 /* Tools */ = {
			isa = PBXGroup;
			children = (
				C6CDD1BB2366D2A80008C902 /* FSHeader.h */,
				5D44A40750ADFA2DCE5281A8 /* FSGlobal.h */,
				5D44AF8ADFECF7B87037BE11 /* FSBase64.h */,
				5D44A4428E1C67365F42B694 /* FSBase64.m */,
				5D44A8D097846B9E4F0E67AA /* FSApp.m */,
				5D44A39B9256374DDC6B9A21 /* FSApp.h */,
				5D44AB0607C7D33F0803E36D /* FSTool.m */,
				5D44A231D3C88F0CC7BA0E2A /* FSTool.h */,
				5D44A92F3122759B3DE0F399 /* FSDefine.h */,
			);
			path = Tools;
			sourceTree = "<group>";
		};
		C6CDD1BC2366D2A80008C902 /* Category */ = {
			isa = PBXGroup;
			children = (
				5D44A605932F0F584FD8F856 /* UIKit */,
				5D44A7B6A79F512D9D59A0B5 /* Fundation */,
				5D44A9890D83B5B13C90F62C /* Other */,
			);
			path = Category;
			sourceTree = "<group>";
		};
		C6CDD1F02366D5820008C902 /* other */ = {
			isa = PBXGroup;
			children = (
				5D44A7D8327B85547AF85894 /* MBProgressHUD.m */,
				5D44ABE586B377E242783085 /* MBProgressHUD.h */,
			);
			path = other;
			sourceTree = "<group>";
		};
		FEE4E42605E2913250DB1A58 /* Pods */ = {
			isa = PBXGroup;
			children = (
				19013E0885EC7FC09A54C07E /* Pods-FSExtensionDemo.debug.xcconfig */,
				1EF4CB9C27008A098EA63BF2 /* Pods-FSExtensionDemo.release.xcconfig */,
			);
			path = Pods;
			sourceTree = "<group>";
		};
/* End PBXGroup section */

/* Begin PBXNativeTarget section */
		C647E2332366800C00FAD3D4 /* FSExtensionDemo */ = {
			isa = PBXNativeTarget;
			buildConfigurationList = C647E24A2366800E00FAD3D4 /* Build configuration list for PBXNativeTarget "FSExtensionDemo" */;
			buildPhases = (
				4207DB39F06E5FEDD5DAEB87 /* [CP] Check Pods Manifest.lock */,
				C647E2302366800C00FAD3D4 /* Sources */,
				C647E2312366800C00FAD3D4 /* Frameworks */,
				C647E2322366800C00FAD3D4 /* Resources */,
				40CDC4F6F2CFFB262C3856A6 /* [CP] Embed Pods Frameworks */,
			);
			buildRules = (
			);
			dependencies = (
			);
			name = FSExtensionDemo;
			productName = FSExtensionDemo;
			productReference = C647E2342366800C00FAD3D4 /* FSExtensionDemo.app */;
			productType = "com.apple.product-type.application";
		};
/* End PBXNativeTarget section */

/* Begin PBXProject section */
		C647E22C2366800C00FAD3D4 /* Project object */ = {
			isa = PBXProject;
			attributes = {
				CLASSPREFIX = FS;
				LastUpgradeCheck = 1030;
				ORGANIZATIONNAME = Fussa;
				TargetAttributes = {
					C647E2332366800C00FAD3D4 = {
						CreatedOnToolsVersion = 10.3;
					};
				};
			};
			buildConfigurationList = C647E22F2366800C00FAD3D4 /* Build configuration list for PBXProject "FSExtensionDemo" */;
			compatibilityVersion = "Xcode 9.3";
			developmentRegion = en;
			hasScannedForEncodings = 0;
			knownRegions = (
				en,
				Base,
			);
			mainGroup = C647E22B2366800C00FAD3D4;
			productRefGroup = C647E2352366800C00FAD3D4 /* Products */;
			projectDirPath = "";
			projectRoot = "";
			targets = (
				C647E2332366800C00FAD3D4 /* FSExtensionDemo */,
			);
		};
/* End PBXProject section */

/* Begin PBXResourcesBuildPhase section */
		C647E2322366800C00FAD3D4 /* Resources */ = {
			isa = PBXResourcesBuildPhase;
			buildActionMask = 2147483647;
			files = (
				C647E2442366800E00FAD3D4 /* LaunchScreen.storyboard in Resources */,
				C647E2412366800E00FAD3D4 /* Assets.xcassets in Resources */,
				C647E23F2366800C00FAD3D4 /* Main.storyboard in Resources */,
			);
			runOnlyForDeploymentPostprocessing = 0;
		};
/* End PBXResourcesBuildPhase section */

/* Begin PBXShellScriptBuildPhase section */
		40CDC4F6F2CFFB262C3856A6 /* [CP] Embed Pods Frameworks */ = {
			isa = PBXShellScriptBuildPhase;
			buildActionMask = 2147483647;
			files = (
			);
			inputFileListPaths = (
				"${PODS_ROOT}/Target Support Files/Pods-FSExtensionDemo/Pods-FSExtensionDemo-frameworks-${CONFIGURATION}-input-files.xcfilelist",
			);
			name = "[CP] Embed Pods Frameworks";
			outputFileListPaths = (
				"${PODS_ROOT}/Target Support Files/Pods-FSExtensionDemo/Pods-FSExtensionDemo-frameworks-${CONFIGURATION}-output-files.xcfilelist",
			);
			runOnlyForDeploymentPostprocessing = 0;
			shellPath = /bin/sh;
			shellScript = "\"${PODS_ROOT}/Target Support Files/Pods-FSExtensionDemo/Pods-FSExtensionDemo-frameworks.sh\"\n";
			showEnvVarsInLog = 0;
		};
		4207DB39F06E5FEDD5DAEB87 /* [CP] Check Pods Manifest.lock */ = {
			isa = PBXShellScriptBuildPhase;
			buildActionMask = 2147483647;
			files = (
			);
			inputFileListPaths = (
			);
			inputPaths = (
				"${PODS_PODFILE_DIR_PATH}/Podfile.lock",
				"${PODS_ROOT}/Manifest.lock",
			);
			name = "[CP] Check Pods Manifest.lock";
			outputFileListPaths = (
			);
			outputPaths = (
				"$(DERIVED_FILE_DIR)/Pods-FSExtensionDemo-checkManifestLockResult.txt",
			);
			runOnlyForDeploymentPostprocessing = 0;
			shellPath = /bin/sh;
			shellScript = "diff \"${PODS_PODFILE_DIR_PATH}/Podfile.lock\" \"${PODS_ROOT}/Manifest.lock\" > /dev/null\nif [ $? != 0 ] ; then\n    # print error to STDERR\n    echo \"error: The sandbox is not in sync with the Podfile.lock. Run 'pod install' or update your CocoaPods installation.\" >&2\n    exit 1\nfi\n# This output is used by Xcode 'outputs' to avoid re-running this script phase.\necho \"SUCCESS\" > \"${SCRIPT_OUTPUT_FILE_0}\"\n";
			showEnvVarsInLog = 0;
		};
/* End PBXShellScriptBuildPhase section */

/* Begin PBXSourcesBuildPhase section */
		C647E2302366800C00FAD3D4 /* Sources */ = {
			isa = PBXSourcesBuildPhase;
			buildActionMask = 2147483647;
			files = (
				C647E23C2366800C00FAD3D4 /* ViewController.m in Sources */,
				C647E2472366800E00FAD3D4 /* main.m in Sources */,
				C647E2392366800C00FAD3D4 /* AppDelegate.m in Sources */,
				5D44A933383C2FECB94E013F /* FSLog.m in Sources */,
				5D44A663B123D3D2ED87C48F /* MBProgressHUD+FS.m in Sources */,
				5D44ABC7703CF462E0739EA0 /* NSDate+FS.m in Sources */,
				5D44AC6C900569B8C0D85DDF /* NSObject+FS.m in Sources */,
				5D44A95B72974D83FAAB42A7 /* NSString+FS.m in Sources */,
				5D44A604E55724BCE4DC53C6 /* NSUserDefaults+FS.m in Sources */,
				5D44A24BF41D05CF1297D654 /* NSArray+FS.m in Sources */,
				5D44AFCB45C81822049CC922 /* NSTimer+FS.m in Sources */,
				5D44A56CFE2E03FDED191BDE /* NSDictionary+FS.m in Sources */,
				5D44ACB7DB6B08E326EA2B56 /* NSData+FS.m in Sources */,
				5D44A35F93286292698FE5E3 /* NSFileManager+FS.m in Sources */,
				5D44AF98AF45AA90ACC69E6C /* UIButton+FS.m in Sources */,
				5D44A12F0B5E8BBA663D33B4 /* UITextField+FS.m in Sources */,
				5D44AB01106C4FF75EA279ED /* UIControl+FS.m in Sources */,
				5D44AE841918C6372521208E /* UILabel+FS.m in Sources */,
				5D44AB857317C56177683505 /* UIScreen+FS.m in Sources */,
				5D44AC95F2599F19E4BBBAE8 /* UIView+FS.m in Sources */,
				5D44A480B272056954F6754C /* UIImage+FS.m in Sources */,
				5D44A020CC940F64A15B9164 /* UISearchBar+FS.m in Sources */,
				5D44AC80737EFFE2F3669D29 /* UIGestureRecognizer+FS.m in Sources */,
				5D44A5CC7268DE412EAF50BD /* UIWindow+FS.m in Sources */,
				5D44A9C8F7BAC6370B6FDB77 /* UINavigationBar+FS.m in Sources */,
				5D44AC5DE2BDE84F3D677F7C /* UIColor+FS.m in Sources */,
				5D44AE7729947CD180D3F3F3 /* UINavigationController+FS.m in Sources */,
				5D44ADD2C434331ED09087A0 /* UIBarButtonItem+FS.m in Sources */,
				5D44AB476019A5E26FAF6FAC /* UINavigationItem+FS.m in Sources */,
				5D44A559D7536ECDF9030CEA /* UIAlertView+FS.m in Sources */,
				5D44AFED3E6AA524DE89BF4B /* UIApplication+FS.m in Sources */,
				5D44A4C73E6E511362AF7AEA /* FSBase64.m in Sources */,
				5D44A4FF76733D6727C9CD2B /* FSApp.m in Sources */,
				5D44A2EDC3B25E5326C3ABDC /* MBProgressHUD.m in Sources */,
				5D44A805612D549A53D583C1 /* FSCategoryViewController.m in Sources */,
				5D44A67020C2804413604AF9 /* FSToolViewController.m in Sources */,
				5D44AB327E92EBE5B3136C64 /* FSArrayViewController.m in Sources */,
				5D44A9B3005CB782339B21DA /* FSBaseViewController.m in Sources */,
				5D44ADBFA48757B1FF3501D9 /* NSCalendar+FS.m in Sources */,
				5D44A43D984EBD9E4C5B7584 /* FSTool.m in Sources */,
				5D44A2E2CA4C4BFFA1E4D192 /* NSParagraphStyle+FS.m in Sources */,
				5D44ABC55356E32675B91B16 /* UIFont+FS.m in Sources */,
				5D44AD62D06E8E1BAC4C3FCB /* UIViewController+FS.m in Sources */,
			);
			runOnlyForDeploymentPostprocessing = 0;
		};
/* End PBXSourcesBuildPhase section */

/* Begin PBXVariantGroup section */
		C647E23D2366800C00FAD3D4 /* Main.storyboard */ = {
			isa = PBXVariantGroup;
			children = (
				C647E23E2366800C00FAD3D4 /* Base */,
			);
			name = Main.storyboard;
			sourceTree = "<group>";
		};
		C647E2422366800E00FAD3D4 /* LaunchScreen.storyboard */ = {
			isa = PBXVariantGroup;
			children = (
				C647E2432366800E00FAD3D4 /* Base */,
			);
			name = LaunchScreen.storyboard;
			sourceTree = "<group>";
		};
/* End PBXVariantGroup section */

/* Begin XCBuildConfiguration section */
		C647E2482366800E00FAD3D4 /* Debug */ = {
			isa = XCBuildConfiguration;
			buildSettings = {
				ALWAYS_SEARCH_USER_PATHS = NO;
				CLANG_ANALYZER_NONNULL = YES;
				CLANG_ANALYZER_NUMBER_OBJECT_CONVERSION = YES_AGGRESSIVE;
				CLANG_CXX_LANGUAGE_STANDARD = "gnu++14";
				CLANG_CXX_LIBRARY = "libc++";
				CLANG_ENABLE_MODULES = YES;
				CLANG_ENABLE_OBJC_ARC = YES;
				CLANG_ENABLE_OBJC_WEAK = YES;
				CLANG_WARN_BLOCK_CAPTURE_AUTORELEASING = YES;
				CLANG_WARN_BOOL_CONVERSION = YES;
				CLANG_WARN_COMMA = YES;
				CLANG_WARN_CONSTANT_CONVERSION = YES;
				CLANG_WARN_DEPRECATED_OBJC_IMPLEMENTATIONS = YES;
				CLANG_WARN_DIRECT_OBJC_ISA_USAGE = YES_ERROR;
				CLANG_WARN_DOCUMENTATION_COMMENTS = YES;
				CLANG_WARN_EMPTY_BODY = YES;
				CLANG_WARN_ENUM_CONVERSION = YES;
				CLANG_WARN_INFINITE_RECURSION = YES;
				CLANG_WARN_INT_CONVERSION = YES;
				CLANG_WARN_NON_LITERAL_NULL_CONVERSION = YES;
				CLANG_WARN_OBJC_IMPLICIT_RETAIN_SELF = YES;
				CLANG_WARN_OBJC_LITERAL_CONVERSION = YES;
				CLANG_WARN_OBJC_ROOT_CLASS = YES_ERROR;
				CLANG_WARN_RANGE_LOOP_ANALYSIS = YES;
				CLANG_WARN_STRICT_PROTOTYPES = YES;
				CLANG_WARN_SUSPICIOUS_MOVE = YES;
				CLANG_WARN_UNGUARDED_AVAILABILITY = YES_AGGRESSIVE;
				CLANG_WARN_UNREACHABLE_CODE = YES;
				CLANG_WARN__DUPLICATE_METHOD_MATCH = YES;
				CODE_SIGN_IDENTITY = "iPhone Developer";
				COPY_PHASE_STRIP = NO;
				DEBUG_INFORMATION_FORMAT = dwarf;
				ENABLE_STRICT_OBJC_MSGSEND = YES;
				ENABLE_TESTABILITY = YES;
				GCC_C_LANGUAGE_STANDARD = gnu11;
				GCC_DYNAMIC_NO_PIC = NO;
				GCC_NO_COMMON_BLOCKS = YES;
				GCC_OPTIMIZATION_LEVEL = 0;
				GCC_PREPROCESSOR_DEFINITIONS = (
					"DEBUG=1",
					"$(inherited)",
				);
				GCC_WARN_64_TO_32_BIT_CONVERSION = YES;
				GCC_WARN_ABOUT_RETURN_TYPE = YES_ERROR;
				GCC_WARN_UNDECLARED_SELECTOR = YES;
				GCC_WARN_UNINITIALIZED_AUTOS = YES_AGGRESSIVE;
				GCC_WARN_UNUSED_FUNCTION = YES;
				GCC_WARN_UNUSED_VARIABLE = YES;
				IPHONEOS_DEPLOYMENT_TARGET = 12.4;
				MTL_ENABLE_DEBUG_INFO = INCLUDE_SOURCE;
				MTL_FAST_MATH = YES;
				ONLY_ACTIVE_ARCH = YES;
				SDKROOT = iphoneos;
			};
			name = Debug;
		};
		C647E2492366800E00FAD3D4 /* Release */ = {
			isa = XCBuildConfiguration;
			buildSettings = {
				ALWAYS_SEARCH_USER_PATHS = NO;
				CLANG_ANALYZER_NONNULL = YES;
				CLANG_ANALYZER_NUMBER_OBJECT_CONVERSION = YES_AGGRESSIVE;
				CLANG_CXX_LANGUAGE_STANDARD = "gnu++14";
				CLANG_CXX_LIBRARY = "libc++";
				CLANG_ENABLE_MODULES = YES;
				CLANG_ENABLE_OBJC_ARC = YES;
				CLANG_ENABLE_OBJC_WEAK = YES;
				CLANG_WARN_BLOCK_CAPTURE_AUTORELEASING = YES;
				CLANG_WARN_BOOL_CONVERSION = YES;
				CLANG_WARN_COMMA = YES;
				CLANG_WARN_CONSTANT_CONVERSION = YES;
				CLANG_WARN_DEPRECATED_OBJC_IMPLEMENTATIONS = YES;
				CLANG_WARN_DIRECT_OBJC_ISA_USAGE = YES_ERROR;
				CLANG_WARN_DOCUMENTATION_COMMENTS = YES;
				CLANG_WARN_EMPTY_BODY = YES;
				CLANG_WARN_ENUM_CONVERSION = YES;
				CLANG_WARN_INFINITE_RECURSION = YES;
				CLANG_WARN_INT_CONVERSION = YES;
				CLANG_WARN_NON_LITERAL_NULL_CONVERSION = YES;
				CLANG_WARN_OBJC_IMPLICIT_RETAIN_SELF = YES;
				CLANG_WARN_OBJC_LITERAL_CONVERSION = YES;
				CLANG_WARN_OBJC_ROOT_CLASS = YES_ERROR;
				CLANG_WARN_RANGE_LOOP_ANALYSIS = YES;
				CLANG_WARN_STRICT_PROTOTYPES = YES;
				CLANG_WARN_SUSPICIOUS_MOVE = YES;
				CLANG_WARN_UNGUARDED_AVAILABILITY = YES_AGGRESSIVE;
				CLANG_WARN_UNREACHABLE_CODE = YES;
				CLANG_WARN__DUPLICATE_METHOD_MATCH = YES;
				CODE_SIGN_IDENTITY = "iPhone Developer";
				COPY_PHASE_STRIP = NO;
				DEBUG_INFORMATION_FORMAT = "dwarf-with-dsym";
				ENABLE_NS_ASSERTIONS = NO;
				ENABLE_STRICT_OBJC_MSGSEND = YES;
				GCC_C_LANGUAGE_STANDARD = gnu11;
				GCC_NO_COMMON_BLOCKS = YES;
				GCC_WARN_64_TO_32_BIT_CONVERSION = YES;
				GCC_WARN_ABOUT_RETURN_TYPE = YES_ERROR;
				GCC_WARN_UNDECLARED_SELECTOR = YES;
				GCC_WARN_UNINITIALIZED_AUTOS = YES_AGGRESSIVE;
				GCC_WARN_UNUSED_FUNCTION = YES;
				GCC_WARN_UNUSED_VARIABLE = YES;
				IPHONEOS_DEPLOYMENT_TARGET = 12.4;
				MTL_ENABLE_DEBUG_INFO = NO;
				MTL_FAST_MATH = YES;
				SDKROOT = iphoneos;
				VALIDATE_PRODUCT = YES;
			};
			name = Release;
		};
		C647E24B2366800E00FAD3D4 /* Debug */ = {
			isa = XCBuildConfiguration;
			baseConfigurationReference = 19013E0885EC7FC09A54C07E /* Pods-FSExtensionDemo.debug.xcconfig */;
			buildSettings = {
				ASSETCATALOG_COMPILER_APPICON_NAME = AppIcon;
				CODE_SIGN_STYLE = Automatic;
				DEVELOPMENT_TEAM = ARGK844GXV;
				INFOPLIST_FILE = FSExtensionDemo/Info.plist;
				IPHONEOS_DEPLOYMENT_TARGET = 9.0;
				LD_RUNPATH_SEARCH_PATHS = (
					"$(inherited)",
					"@executable_path/Frameworks",
				);
				PRODUCT_BUNDLE_IDENTIFIER = com.fussa.FSExtensionDemo;
				PRODUCT_NAME = "$(TARGET_NAME)";
				TARGETED_DEVICE_FAMILY = "1,2";
			};
			name = Debug;
		};
		C647E24C2366800E00FAD3D4 /* Release */ = {
			isa = XCBuildConfiguration;
			baseConfigurationReference = 1EF4CB9C27008A098EA63BF2 /* Pods-FSExtensionDemo.release.xcconfig */;
			buildSettings = {
				ASSETCATALOG_COMPILER_APPICON_NAME = AppIcon;
				CODE_SIGN_STYLE = Automatic;
				DEVELOPMENT_TEAM = ARGK844GXV;
				INFOPLIST_FILE = FSExtensionDemo/Info.plist;
				IPHONEOS_DEPLOYMENT_TARGET = 9.0;
				LD_RUNPATH_SEARCH_PATHS = (
					"$(inherited)",
					"@executable_path/Frameworks",
				);
				PRODUCT_BUNDLE_IDENTIFIER = com.fussa.FSExtensionDemo;
				PRODUCT_NAME = "$(TARGET_NAME)";
				TARGETED_DEVICE_FAMILY = "1,2";
			};
			name = Release;
		};
/* End XCBuildConfiguration section */

/* Begin XCConfigurationList section */
		C647E22F2366800C00FAD3D4 /* Build configuration list for PBXProject "FSExtensionDemo" */ = {
			isa = XCConfigurationList;
			buildConfigurations = (
				C647E2482366800E00FAD3D4 /* Debug */,
				C647E2492366800E00FAD3D4 /* Release */,
			);
			defaultConfigurationIsVisible = 0;
			defaultConfigurationName = Release;
		};
		C647E24A2366800E00FAD3D4 /* Build configuration list for PBXNativeTarget "FSExtensionDemo" */ = {
			isa = XCConfigurationList;
			buildConfigurations = (
				C647E24B2366800E00FAD3D4 /* Debug */,
				C647E24C2366800E00FAD3D4 /* Release */,
			);
			defaultConfigurationIsVisible = 0;
			defaultConfigurationName = Release;
		};
/* End XCConfigurationList section */
	};
	rootObject = C647E22C2366800C00FAD3D4 /* Project object */;
}
